
Microsoft Visual Studio Solution File, Format Version 12.00
# Visual Studio Version 17
VisualStudioVersion = 17.9.34902.65
MinimumVisualStudioVersion = 10.0.40219.1
Project("{FAE04EC0-301F-11D3-BF4B-00C04F79EFBC}") = "SearchAPI", "SearchAPI\SearchAPI.csproj", "{599DE158-BD9B-4A99-85D8-0E30AA391BD8}"
EndProject
Global
	GlobalSection(SolutionConfigurationPlatforms) = preSolution
		Debug|Any CPU = Debug|Any CPU
		Release|Any CPU = Release|Any CPU
	EndGlobalSection
	GlobalSection(ProjectConfigurationPlatforms) = postSolution
		{599DE158-BD9B-4A99-85D8-0E30AA391BD8}.Debug|Any CPU.ActiveCfg = Debug|Any CPU
		{599DE158-BD9B-4A99-85D8-0E30AA391BD8}.Debug|Any CPU.Build.0 = Debug|Any CPU
		{599DE158-BD9B-4A99-85D8-0E30AA391BD8}.Release|Any CPU.ActiveCfg = Release|Any CPU
		{599DE158-BD9B-4A99-85D8-0E30AA391BD8}.Release|Any CPU.Build.0 = Release|Any CPU
	EndGlobalSection
	GlobalSection(SolutionProperties) = preSolution
		HideSolutionNode = FALSE
	EndGlobalSection
	GlobalSection(ExtensibilityGlobals) = postSolution
		SolutionGuid = {F2EAA6A4-4D13-4E1E-83A4-57493154C4CD}
	EndGlobalSection
EndGlobal
